
Microsoft Visual Studio Solution File, Format Version 12.00
# Visual Studio 15
VisualStudioVersion = 15.0.26730.16
MinimumVisualStudioVersion = 10.0.40219.1
Project("{FAE04EC0-301F-11D3-BF4B-00C04F79EFBC}") = "GridLayout.Android", "GridLayout\GridLayout.Android\GridLayout.Android.csproj", "{7DC97519-893B-4182-B2F0-5F3655CF7A9F}"
EndProject
Project("{FAE04EC0-301F-11D3-BF4B-00C04F79EFBC}") = "GridLayout", "GridLayout\GridLayout\GridLayout.csproj", "{B2690324-873D-40AA-9052-ED9786233072}"
EndProject
Project("{FAE04EC0-301F-11D3-BF4B-00C04F79EFBC}") = "GridLayout.UWP", "GridLayout\GridLayout.UWP\GridLayout.UWP.csproj", "{C936DA49-469A-4E4F-B2E2-452580AAFBDD}"
EndProject
Project("{FAE04EC0-301F-11D3-BF4B-00C04F79EFBC}") = "GridLayout.iOS", "GridLayout\GridLayout.iOS\GridLayout.iOS.csproj", "{BB64F67E-7EEE-4086-99AB-BF1AFAE75B66}"
EndProject
Global
	GlobalSection(SolutionConfigurationPlatforms) = preSolution
		Ad-Hoc|Any CPU = Ad-Hoc|Any CPU
		Ad-Hoc|ARM = Ad-Hoc|ARM
		Ad-Hoc|iPhone = Ad-Hoc|iPhone
		Ad-Hoc|iPhoneSimulator = Ad-Hoc|iPhoneSimulator
		Ad-Hoc|x64 = Ad-Hoc|x64
		Ad-Hoc|x86 = Ad-Hoc|x86
		AppStore|Any CPU = AppStore|Any CPU
		AppStore|ARM = AppStore|ARM
		AppStore|iPhone = AppStore|iPhone
		AppStore|iPhoneSimulator = AppStore|iPhoneSimulator
		AppStore|x64 = AppStore|x64
		AppStore|x86 = AppStore|x86
		Debug|Any CPU = Debug|Any CPU
		Debug|ARM = Debug|ARM
		Debug|iPhone = Debug|iPhone
		Debug|iPhoneSimulator = Debug|iPhoneSimulator
		Debug|x64 = Debug|x64
		Debug|x86 = Debug|x86
		Release|Any CPU = Release|Any CPU
		Release|ARM = Release|ARM
		Release|iPhone = Release|iPhone
		Release|iPhoneSimulator = Release|iPhoneSimulator
		Release|x64 = Release|x64
		Release|x86 = Release|x86
	EndGlobalSection
	GlobalSection(ProjectConfigurationPlatforms) = postSolution
		{7DC97519-893B-4182-B2F0-5F3655CF7A9F}.Ad-Hoc|Any CPU.ActiveCfg = Release|Any CPU
		{7DC97519-893B-4182-B2F0-5F3655CF7A9F}.Ad-Hoc|Any CPU.Build.0 = Release|Any CPU
		{7DC97519-893B-4182-B2F0-5F3655CF7A9F}.Ad-Hoc|Any CPU.Deploy.0 = Release|Any CPU
		{7DC97519-893B-4182-B2F0-5F3655CF7A9F}.Ad-Hoc|ARM.ActiveCfg = Release|Any CPU
		{7DC97519-893B-4182-B2F0-5F3655CF7A9F}.Ad-Hoc|ARM.Build.0 = Release|Any CPU
		{7DC97519-893B-4182-B2F0-5F3655CF7A9F}.Ad-Hoc|ARM.Deploy.0 = Release|Any CPU
		{7DC97519-893B-4182-B2F0-5F3655CF7A9F}.Ad-Hoc|iPhone.ActiveCfg = Release|Any CPU
		{7DC97519-893B-4182-B2F0-5F3655CF7A9F}.Ad-Hoc|iPhone.Build.0 = Release|Any CPU
		{7DC97519-893B-4182-B2F0-5F3655CF7A9F}.Ad-Hoc|iPhone.Deploy.0 = Release|Any CPU
		{7DC97519-893B-4182-B2F0-5F3655CF7A9F}.Ad-Hoc|iPhoneSimulator.ActiveCfg = Release|Any CPU
		{7DC97519-893B-4182-B2F0-5F3655CF7A9F}.Ad-Hoc|iPhoneSimulator.Build.0 = Release|Any CPU
		{7DC97519-893B-4182-B2F0-5F3655CF7A9F}.Ad-Hoc|iPhoneSimulator.Deploy.0 = Release|Any CPU
		{7DC97519-893B-4182-B2F0-5F3655CF7A9F}.Ad-Hoc|x64.ActiveCfg = Release|Any CPU
		{7DC97519-893B-4182-B2F0-5F3655CF7A9F}.Ad-Hoc|x64.Build.0 = Release|Any CPU
		{7DC97519-893B-4182-B2F0-5F3655CF7A9F}.Ad-Hoc|x64.Deploy.0 = Release|Any CPU
		{7DC97519-893B-4182-B2F0-5F3655CF7A9F}.Ad-Hoc|x86.ActiveCfg = Release|Any CPU
		{7DC97519-893B-4182-B2F0-5F3655CF7A9F}.Ad-Hoc|x86.Build.0 = Release|Any CPU
		{7DC97519-893B-4182-B2F0-5F3655CF7A9F}.Ad-Hoc|x86.Deploy.0 = Release|Any CPU
		{7DC97519-893B-4182-B2F0-5F3655CF7A9F}.AppStore|Any CPU.ActiveCfg = Release|Any CPU
		{7DC97519-893B-4182-B2F0-5F3655CF7A9F}.AppStore|Any CPU.Build.0 = Release|Any CPU
		{7DC97519-893B-4182-B2F0-5F3655CF7A9F}.AppStore|Any CPU.Deploy.0 = Release|Any CPU
		{7DC97519-893B-4182-B2F0-5F3655CF7A9F}.AppStore|ARM.ActiveCfg = Release|Any CPU
		{7DC97519-893B-4182-B2F0-5F3655CF7A9F}.AppStore|ARM.Build.0 = Release|Any CPU
		{7DC97519-893B-4182-B2F0-5F3655CF7A9F}.AppStore|ARM.Deploy.0 = Release|Any CPU
		{7DC97519-893B-4182-B2F0-5F3655CF7A9F}.AppStore|iPhone.ActiveCfg = Release|Any CPU
		{7DC97519-893B-4182-B2F0-5F3655CF7A9F}.AppStore|iPhone.Build.0 = Release|Any CPU
		{7DC97519-893B-4182-B2F0-5F3655CF7A9F}.AppStore|iPhone.Deploy.0 = Release|Any CPU
		{7DC97519-893B-4182-B2F0-5F3655CF7A9F}.AppStore|iPhoneSimulator.ActiveCfg = Release|Any CPU
		{7DC97519-893B-4182-B2F0-5F3655CF7A9F}.AppStore|iPhoneSimulator.Build.0 = Release|Any CPU
		{7DC97519-893B-4182-B2F0-5F3655CF7A9F}.AppStore|iPhoneSimulator.Deploy.0 = Release|Any CPU
		{7DC97519-893B-4182-B2F0-5F3655CF7A9F}.AppStore|x64.ActiveCfg = Release|Any CPU
		{7DC97519-893B-4182-B2F0-5F3655CF7A9F}.AppStore|x64.Build.0 = Release|Any CPU
		{7DC97519-893B-4182-B2F0-5F3655CF7A9F}.AppStore|x64.Deploy.0 = Release|Any CPU
		{7DC97519-893B-4182-B2F0-5F3655CF7A9F}.AppStore|x86.ActiveCfg = Release|Any CPU
		{7DC97519-893B-4182-B2F0-5F3655CF7A9F}.AppStore|x86.Build.0 = Release|Any CPU
		{7DC97519-893B-4182-B2F0-5F3655CF7A9F}.AppStore|x86.Deploy.0 = Release|Any CPU
		{7DC97519-893B-4182-B2F0-5F3655CF7A9F}.Debug|Any CPU.ActiveCfg = Debug|Any CPU
		{7DC97519-893B-4182-B2F0-5F3655CF7A9F}.Debug|Any CPU.Build.0 = Debug|Any CPU
		{7DC97519-893B-4182-B2F0-5F3655CF7A9F}.Debug|Any CPU.Deploy.0 = Debug|Any CPU
		{7DC97519-893B-4182-B2F0-5F3655CF7A9F}.Debug|ARM.ActiveCfg = Debug|Any CPU
		{7DC97519-893B-4182-B2F0-5F3655CF7A9F}.Debug|ARM.Build.0 = Debug|Any CPU
		{7DC97519-893B-4182-B2F0-5F3655CF7A9F}.Debug|ARM.Deploy.0 = Debug|Any CPU
		{7DC97519-893B-4182-B2F0-5F3655CF7A9F}.Debug|iPhone.ActiveCfg = Debug|Any CPU
		{7DC97519-893B-4182-B2F0-5F3655CF7A9F}.Debug|iPhone.Build.0 = Debug|Any CPU
		{7DC97519-893B-4182-B2F0-5F3655CF7A9F}.Debug|iPhone.Deploy.0 = Debug|Any CPU
		{7DC97519-893B-4182-B2F0-5F3655CF7A9F}.Debug|iPhoneSimulator.ActiveCfg = Debug|Any CPU
		{7DC97519-893B-4182-B2F0-5F3655CF7A9F}.Debug|iPhoneSimulator.Build.0 = Debug|Any CPU
		{7DC97519-893B-4182-B2F0-5F3655CF7A9F}.Debug|iPhoneSimulator.Deploy.0 = Debug|Any CPU
		{7DC97519-893B-4182-B2F0-5F3655CF7A9F}.Debug|x64.ActiveCfg = Debug|Any CPU
		{7DC97519-893B-4182-B2F0-5F3655CF7A9F}.Debug|x64.Build.0 = Debug|Any CPU
		{7DC97519-893B-4182-B2F0-5F3655CF7A9F}.Debug|x64.Deploy.0 = Debug|Any CPU
		{7DC97519-893B-4182-B2F0-5F3655CF7A9F}.Debug|x86.ActiveCfg = Debug|Any CPU
		{7DC97519-893B-4182-B2F0-5F3655CF7A9F}.Debug|x86.Build.0 = Debug|Any CPU
		{7DC97519-893B-4182-B2F0-5F3655CF7A9F}.Debug|x86.Deploy.0 = Debug|Any CPU
		{7DC97519-893B-4182-B2F0-5F3655CF7A9F}.Release|Any CPU.ActiveCfg = Release|Any CPU
		{7DC97519-893B-4182-B2F0-5F3655CF7A9F}.Release|Any CPU.Build.0 = Release|Any CPU
		{7DC97519-893B-4182-B2F0-5F3655CF7A9F}.Release|Any CPU.Deploy.0 = Release|Any CPU
		{7DC97519-893B-4182-B2F0-5F3655CF7A9F}.Release|ARM.ActiveCfg = Release|Any CPU
		{7DC97519-893B-4182-B2F0-5F3655CF7A9F}.Release|ARM.Build.0 = Release|Any CPU
		{7DC97519-893B-4182-B2F0-5F3655CF7A9F}.Release|ARM.Deploy.0 = Release|Any CPU
		{7DC97519-893B-4182-B2F0-5F3655CF7A9F}.Release|iPhone.ActiveCfg = Release|Any CPU
		{7DC97519-893B-4182-B2F0-5F3655CF7A9F}.Release|iPhone.Build.0 = Release|Any CPU
		{7DC97519-893B-4182-B2F0-5F3655CF7A9F}.Release|iPhone.Deploy.0 = Release|Any CPU
		{7DC97519-893B-4182-B2F0-5F3655CF7A9F}.Release|iPhoneSimulator.ActiveCfg = Release|Any CPU
		{7DC97519-893B-4182-B2F0-5F3655CF7A9F}.Release|iPhoneSimulator.Build.0 = Release|Any CPU
		{7DC97519-893B-4182-B2F0-5F3655CF7A9F}.Release|iPhoneSimulator.Deploy.0 = Release|Any CPU
		{7DC97519-893B-4182-B2F0-5F3655CF7A9F}.Release|x64.ActiveCfg = Release|Any CPU
		{7DC97519-893B-4182-B2F0-5F3655CF7A9F}.Release|x64.Build.0 = Release|Any CPU
		{7DC97519-893B-4182-B2F0-5F3655CF7A9F}.Release|x64.Deploy.0 = Release|Any CPU
		{7DC97519-893B-4182-B2F0-5F3655CF7A9F}.Release|x86.ActiveCfg = Release|Any CPU
		{7DC97519-893B-4182-B2F0-5F3655CF7A9F}.Release|x86.Build.0 = Release|Any CPU
		{7DC97519-893B-4182-B2F0-5F3655CF7A9F}.Release|x86.Deploy.0 = Release|Any CPU
		{B2690324-873D-40AA-9052-ED9786233072}.Ad-Hoc|Any CPU.ActiveCfg = Release|Any CPU
		{B2690324-873D-40AA-9052-ED9786233072}.Ad-Hoc|Any CPU.Build.0 = Release|Any CPU
		{B2690324-873D-40AA-9052-ED9786233072}.Ad-Hoc|ARM.ActiveCfg = Release|Any CPU
		{B2690324-873D-40AA-9052-ED9786233072}.Ad-Hoc|ARM.Build.0 = Release|Any CPU
		{B2690324-873D-40AA-9052-ED9786233072}.Ad-Hoc|iPhone.ActiveCfg = Release|Any CPU
		{B2690324-873D-40AA-9052-ED9786233072}.Ad-Hoc|iPhone.Build.0 = Release|Any CPU
		{B2690324-873D-40AA-9052-ED9786233072}.Ad-Hoc|iPhoneSimulator.ActiveCfg = Release|Any CPU
		{B2690324-873D-40AA-9052-ED9786233072}.Ad-Hoc|iPhoneSimulator.Build.0 = Release|Any CPU
		{B2690324-873D-40AA-9052-ED9786233072}.Ad-Hoc|x64.ActiveCfg = Release|Any CPU
		{B2690324-873D-40AA-9052-ED9786233072}.Ad-Hoc|x64.Build.0 = Release|Any CPU
		{B2690324-873D-40AA-9052-ED9786233072}.Ad-Hoc|x86.ActiveCfg = Release|Any CPU
		{B2690324-873D-40AA-9052-ED9786233072}.Ad-Hoc|x86.Build.0 = Release|Any CPU
		{B2690324-873D-40AA-9052-ED9786233072}.AppStore|Any CPU.ActiveCfg = Release|Any CPU
		{B2690324-873D-40AA-9052-ED9786233072}.AppStore|Any CPU.Build.0 = Release|Any CPU
		{B2690324-873D-40AA-9052-ED9786233072}.AppStore|ARM.ActiveCfg = Release|Any CPU
		{B2690324-873D-40AA-9052-ED9786233072}.AppStore|ARM.Build.0 = Release|Any CPU
		{B2690324-873D-40AA-9052-ED9786233072}.AppStore|iPhone.ActiveCfg = Release|Any CPU
		{B2690324-873D-40AA-9052-ED9786233072}.AppStore|iPhone.Build.0 = Release|Any CPU
		{B2690324-873D-40AA-9052-ED9786233072}.AppStore|iPhoneSimulator.ActiveCfg = Release|Any CPU
		{B2690324-873D-40AA-9052-ED9786233072}.AppStore|iPhoneSimulator.Build.0 = Release|Any CPU
		{B2690324-873D-40AA-9052-ED9786233072}.AppStore|x64.ActiveCfg = Release|Any CPU
		{B2690324-873D-40AA-9052-ED9786233072}.AppStore|x64.Build.0 = Release|Any CPU
		{B2690324-873D-40AA-9052-ED9786233072}.AppStore|x86.ActiveCfg = Release|Any CPU
		{B2690324-873D-40AA-9052-ED9786233072}.AppStore|x86.Build.0 = Release|Any CPU
		{B2690324-873D-40AA-9052-ED9786233072}.Debug|Any CPU.ActiveCfg = Debug|Any CPU
		{B2690324-873D-40AA-9052-ED9786233072}.Debug|Any CPU.Build.0 = Debug|Any CPU
		{B2690324-873D-40AA-9052-ED9786233072}.Debug|ARM.ActiveCfg = Debug|Any CPU
		{B2690324-873D-40AA-9052-ED9786233072}.Debug|ARM.Build.0 = Debug|Any CPU
		{B2690324-873D-40AA-9052-ED9786233072}.Debug|iPhone.ActiveCfg = Debug|Any CPU
		{B2690324-873D-40AA-9052-ED9786233072}.Debug|iPhone.Build.0 = Debug|Any CPU
		{B2690324-873D-40AA-9052-ED9786233072}.Debug|iPhoneSimulator.ActiveCfg = Debug|Any CPU
		{B2690324-873D-40AA-9052-ED9786233072}.Debug|iPhoneSimulator.Build.0 = Debug|Any CPU
		{B2690324-873D-40AA-9052-ED9786233072}.Debug|x64.ActiveCfg = Debug|Any CPU
		{B2690324-873D-40AA-9052-ED9786233072}.Debug|x64.Build.0 = Debug|Any CPU
		{B2690324-873D-40AA-9052-ED9786233072}.Debug|x86.ActiveCfg = Debug|Any CPU
		{B2690324-873D-40AA-9052-ED9786233072}.Debug|x86.Build.0 = Debug|Any CPU
		{B2690324-873D-40AA-9052-ED9786233072}.Release|Any CPU.ActiveCfg = Release|Any CPU
		{B2690324-873D-40AA-9052-ED9786233072}.Release|Any CPU.Build.0 = Release|Any CPU
		{B2690324-873D-40AA-9052-ED9786233072}.Release|ARM.ActiveCfg = Release|Any CPU
		{B2690324-873D-40AA-9052-ED9786233072}.Release|ARM.Build.0 = Release|Any CPU
		{B2690324-873D-40AA-9052-ED9786233072}.Release|iPhone.ActiveCfg = Release|Any CPU
		{B2690324-873D-40AA-9052-ED9786233072}.Release|iPhone.Build.0 = Release|Any CPU
		{B2690324-873D-40AA-9052-ED9786233072}.Release|iPhoneSimulator.ActiveCfg = Release|Any CPU
		{B2690324-873D-40AA-9052-ED9786233072}.Release|iPhoneSimulator.Build.0 = Release|Any CPU
		{B2690324-873D-40AA-9052-ED9786233072}.Release|x64.ActiveCfg = Release|Any CPU
		{B2690324-873D-40AA-9052-ED9786233072}.Release|x64.Build.0 = Release|Any CPU
		{B2690324-873D-40AA-9052-ED9786233072}.Release|x86.ActiveCfg = Release|Any CPU
		{B2690324-873D-40AA-9052-ED9786233072}.Release|x86.Build.0 = Release|Any CPU
		{C936DA49-469A-4E4F-B2E2-452580AAFBDD}.Ad-Hoc|Any CPU.ActiveCfg = Release|x86
		{C936DA49-469A-4E4F-B2E2-452580AAFBDD}.Ad-Hoc|Any CPU.Build.0 = Release|x86
		{C936DA49-469A-4E4F-B2E2-452580AAFBDD}.Ad-Hoc|Any CPU.Deploy.0 = Release|x86
		{C936DA49-469A-4E4F-B2E2-452580AAFBDD}.Ad-Hoc|ARM.ActiveCfg = Release|ARM
		{C936DA49-469A-4E4F-B2E2-452580AAFBDD}.Ad-Hoc|ARM.Build.0 = Release|ARM
		{C936DA49-469A-4E4F-B2E2-452580AAFBDD}.Ad-Hoc|ARM.Deploy.0 = Release|ARM
		{C936DA49-469A-4E4F-B2E2-452580AAFBDD}.Ad-Hoc|iPhone.ActiveCfg = Release|x86
		{C936DA49-469A-4E4F-B2E2-452580AAFBDD}.Ad-Hoc|iPhone.Build.0 = Release|x86
		{C936DA49-469A-4E4F-B2E2-452580AAFBDD}.Ad-Hoc|iPhone.Deploy.0 = Release|x86
		{C936DA49-469A-4E4F-B2E2-452580AAFBDD}.Ad-Hoc|iPhoneSimulator.ActiveCfg = Release|x86
		{C936DA49-469A-4E4F-B2E2-452580AAFBDD}.Ad-Hoc|iPhoneSimulator.Build.0 = Release|x86
		{C936DA49-469A-4E4F-B2E2-452580AAFBDD}.Ad-Hoc|iPhoneSimulator.Deploy.0 = Release|x86
		{C936DA49-469A-4E4F-B2E2-452580AAFBDD}.Ad-Hoc|x64.ActiveCfg = Release|x64
		{C936DA49-469A-4E4F-B2E2-452580AAFBDD}.Ad-Hoc|x64.Build.0 = Release|x64
		{C936DA49-469A-4E4F-B2E2-452580AAFBDD}.Ad-Hoc|x64.Deploy.0 = Release|x64
		{C936DA49-469A-4E4F-B2E2-452580AAFBDD}.Ad-Hoc|x86.ActiveCfg = Release|x86
		{C936DA49-469A-4E4F-B2E2-452580AAFBDD}.Ad-Hoc|x86.Build.0 = Release|x86
		{C936DA49-469A-4E4F-B2E2-452580AAFBDD}.Ad-Hoc|x86.Deploy.0 = Release|x86
		{C936DA49-469A-4E4F-B2E2-452580AAFBDD}.AppStore|Any CPU.ActiveCfg = Release|x86
		{C936DA49-469A-4E4F-B2E2-452580AAFBDD}.AppStore|Any CPU.Build.0 = Release|x86
		{C936DA49-469A-4E4F-B2E2-452580AAFBDD}.AppStore|Any CPU.Deploy.0 = Release|x86
		{C936DA49-469A-4E4F-B2E2-452580AAFBDD}.AppStore|ARM.ActiveCfg = Release|ARM
		{C936DA49-469A-4E4F-B2E2-452580AAFBDD}.AppStore|ARM.Build.0 = Release|ARM
		{C936DA49-469A-4E4F-B2E2-452580AAFBDD}.AppStore|ARM.Deploy.0 = Release|ARM
		{C936DA49-469A-4E4F-B2E2-452580AAFBDD}.AppStore|iPhone.ActiveCfg = Release|x86
		{C936DA49-469A-4E4F-B2E2-452580AAFBDD}.AppStore|iPhone.Build.0 = Release|x86
		{C936DA49-469A-4E4F-B2E2-452580AAFBDD}.AppStore|iPhone.Deploy.0 = Release|x86
		{C936DA49-469A-4E4F-B2E2-452580AAFBDD}.AppStore|iPhoneSimulator.ActiveCfg = Release|x86
		{C936DA49-469A-4E4F-B2E2-452580AAFBDD}.AppStore|iPhoneSimulator.Build.0 = Release|x86
		{C936DA49-469A-4E4F-B2E2-452580AAFBDD}.AppStore|iPhoneSimulator.Deploy.0 = Release|x86
		{C936DA49-469A-4E4F-B2E2-452580AAFBDD}.AppStore|x64.ActiveCfg = Release|x64
		{C936DA49-469A-4E4F-B2E2-452580AAFBDD}.AppStore|x64.Build.0 = Release|x64
		{C936DA49-469A-4E4F-B2E2-452580AAFBDD}.AppStore|x64.Deploy.0 = Release|x64
		{C936DA49-469A-4E4F-B2E2-452580AAFBDD}.AppStore|x86.ActiveCfg = Release|x86
		{C936DA49-469A-4E4F-B2E2-452580AAFBDD}.AppStore|x86.Build.0 = Release|x86
		{C936DA49-469A-4E4F-B2E2-452580AAFBDD}.AppStore|x86.Deploy.0 = Release|x86
		{C936DA49-469A-4E4F-B2E2-452580AAFBDD}.Debug|Any CPU.ActiveCfg = Debug|x86
		{C936DA49-469A-4E4F-B2E2-452580AAFBDD}.Debug|ARM.ActiveCfg = Debug|ARM
		{C936DA49-469A-4E4F-B2E2-452580AAFBDD}.Debug|ARM.Build.0 = Debug|ARM
		{C936DA49-469A-4E4F-B2E2-452580AAFBDD}.Debug|ARM.Deploy.0 = Debug|ARM
		{C936DA49-469A-4E4F-B2E2-452580AAFBDD}.Debug|iPhone.ActiveCfg = Debug|x86
		{C936DA49-469A-4E4F-B2E2-452580AAFBDD}.Debug|iPhoneSimulator.ActiveCfg = Debug|x86
		{C936DA49-469A-4E4F-B2E2-452580AAFBDD}.Debug|x64.ActiveCfg = Debug|x64
		{C936DA49-469A-4E4F-B2E2-452580AAFBDD}.Debug|x64.Build.0 = Debug|x64
		{C936DA49-469A-4E4F-B2E2-452580AAFBDD}.Debug|x64.Deploy.0 = Debug|x64
		{C936DA49-469A-4E4F-B2E2-452580AAFBDD}.Debug|x86.ActiveCfg = Debug|x86
		{C936DA49-469A-4E4F-B2E2-452580AAFBDD}.Debug|x86.Build.0 = Debug|x86
		{C936DA49-469A-4E4F-B2E2-452580AAFBDD}.Debug|x86.Deploy.0 = Debug|x86
		{C936DA49-469A-4E4F-B2E2-452580AAFBDD}.Release|Any CPU.ActiveCfg = Release|x86
		{C936DA49-469A-4E4F-B2E2-452580AAFBDD}.Release|ARM.ActiveCfg = Release|ARM
		{C936DA49-469A-4E4F-B2E2-452580AAFBDD}.Release|ARM.Build.0 = Release|ARM
		{C936DA49-469A-4E4F-B2E2-452580AAFBDD}.Release|ARM.Deploy.0 = Release|ARM
		{C936DA49-469A-4E4F-B2E2-452580AAFBDD}.Release|iPhone.ActiveCfg = Release|x86
		{C936DA49-469A-4E4F-B2E2-452580AAFBDD}.Release|iPhoneSimulator.ActiveCfg = Release|x86
		{C936DA49-469A-4E4F-B2E2-452580AAFBDD}.Release|x64.ActiveCfg = Release|x64
		{C936DA49-469A-4E4F-B2E2-452580AAFBDD}.Release|x64.Build.0 = Release|x64
		{C936DA49-469A-4E4F-B2E2-452580AAFBDD}.Release|x64.Deploy.0 = Release|x64
		{C936DA49-469A-4E4F-B2E2-452580AAFBDD}.Release|x86.ActiveCfg = Release|x86
		{C936DA49-469A-4E4F-B2E2-452580AAFBDD}.Release|x86.Build.0 = Release|x86
		{C936DA49-469A-4E4F-B2E2-452580AAFBDD}.Release|x86.Deploy.0 = Release|x86
		{BB64F67E-7EEE-4086-99AB-BF1AFAE75B66}.Ad-Hoc|Any CPU.ActiveCfg = Ad-Hoc|iPhone
		{BB64F67E-7EEE-4086-99AB-BF1AFAE75B66}.Ad-Hoc|ARM.ActiveCfg = Ad-Hoc|iPhone
		{BB64F67E-7EEE-4086-99AB-BF1AFAE75B66}.Ad-Hoc|iPhone.ActiveCfg = Ad-Hoc|iPhone
		{BB64F67E-7EEE-4086-99AB-BF1AFAE75B66}.Ad-Hoc|iPhone.Build.0 = Ad-Hoc|iPhone
		{BB64F67E-7EEE-4086-99AB-BF1AFAE75B66}.Ad-Hoc|iPhoneSimulator.ActiveCfg = Ad-Hoc|iPhoneSimulator
		{BB64F67E-7EEE-4086-99AB-BF1AFAE75B66}.Ad-Hoc|iPhoneSimulator.Build.0 = Ad-Hoc|iPhoneSimulator
		{BB64F67E-7EEE-4086-99AB-BF1AFAE75B66}.Ad-Hoc|x64.ActiveCfg = Ad-Hoc|iPhone
		{BB64F67E-7EEE-4086-99AB-BF1AFAE75B66}.Ad-Hoc|x86.ActiveCfg = Ad-Hoc|iPhone
		{BB64F67E-7EEE-4086-99AB-BF1AFAE75B66}.AppStore|Any CPU.ActiveCfg = AppStore|iPhone
		{BB64F67E-7EEE-4086-99AB-BF1AFAE75B66}.AppStore|ARM.ActiveCfg = AppStore|iPhone
		{BB64F67E-7EEE-4086-99AB-BF1AFAE75B66}.AppStore|iPhone.ActiveCfg = AppStore|iPhone
		{BB64F67E-7EEE-4086-99AB-BF1AFAE75B66}.AppStore|iPhone.Build.0 = AppStore|iPhone
		{BB64F67E-7EEE-4086-99AB-BF1AFAE75B66}.AppStore|iPhoneSimulator.ActiveCfg = AppStore|iPhoneSimulator
		{BB64F67E-7EEE-4086-99AB-BF1AFAE75B66}.AppStore|iPhoneSimulator.Build.0 = AppStore|iPhoneSimulator
		{BB64F67E-7EEE-4086-99AB-BF1AFAE75B66}.AppStore|x64.ActiveCfg = AppStore|iPhone
		{BB64F67E-7EEE-4086-99AB-BF1AFAE75B66}.AppStore|x86.ActiveCfg = AppStore|iPhone
		{BB64F67E-7EEE-4086-99AB-BF1AFAE75B66}.Debug|Any CPU.ActiveCfg = Debug|iPhone
		{BB64F67E-7EEE-4086-99AB-BF1AFAE75B66}.Debug|ARM.ActiveCfg = Debug|iPhone
		{BB64F67E-7EEE-4086-99AB-BF1AFAE75B66}.Debug|iPhone.ActiveCfg = Debug|iPhone
		{BB64F67E-7EEE-4086-99AB-BF1AFAE75B66}.Debug|iPhone.Build.0 = Debug|iPhone
		{BB64F67E-7EEE-4086-99AB-BF1AFAE75B66}.Debug|iPhoneSimulator.ActiveCfg = Debug|iPhoneSimulator
		{BB64F67E-7EEE-4086-99AB-BF1AFAE75B66}.Debug|iPhoneSimulator.Build.0 = Debug|iPhoneSimulator
		{BB64F67E-7EEE-4086-99AB-BF1AFAE75B66}.Debug|x64.ActiveCfg = Debug|iPhone
		{BB64F67E-7EEE-4086-99AB-BF1AFAE75B66}.Debug|x86.ActiveCfg = Debug|iPhone
		{BB64F67E-7EEE-4086-99AB-BF1AFAE75B66}.Release|Any CPU.ActiveCfg = Release|iPhone
		{BB64F67E-7EEE-4086-99AB-BF1AFAE75B66}.Release|ARM.ActiveCfg = Release|iPhone
		{BB64F67E-7EEE-4086-99AB-BF1AFAE75B66}.Release|iPhone.ActiveCfg = Release|iPhone
		{BB64F67E-7EEE-4086-99AB-BF1AFAE75B66}.Release|iPhone.Build.0 = Release|iPhone
		{BB64F67E-7EEE-4086-99AB-BF1AFAE75B66}.Release|iPhoneSimulator.ActiveCfg = Release|iPhoneSimulator
		{BB64F67E-7EEE-4086-99AB-BF1AFAE75B66}.Release|iPhoneSimulator.Build.0 = Release|iPhoneSimulator
		{BB64F67E-7EEE-4086-99AB-BF1AFAE75B66}.Release|x64.ActiveCfg = Release|iPhone
		{BB64F67E-7EEE-4086-99AB-BF1AFAE75B66}.Release|x86.ActiveCfg = Release|iPhone
	EndGlobalSection
	GlobalSection(SolutionProperties) = preSolution
		HideSolutionNode = FALSE
	EndGlobalSection
	GlobalSection(ExtensibilityGlobals) = postSolution
		SolutionGuid = {2521E702-48B1-4735-9872-6DB764A0FEB4}
	EndGlobalSection
EndGlobal
